
Microsoft Visual Studio Solution File, Format Version 12.00
# Visual Studio Version 17
VisualStudioVersion = 17.13.35931.197 d17.13
MinimumVisualStudioVersion = 10.0.40219.1
Project("{FAE04EC0-301F-11D3-BF4B-00C04F79EFBC}") = "05_PropriedadesAposNet9", "05_PropriedadesAposNet9.csproj", "{E1335B50-AD7E-4E9F-B9B8-4193C161E5A5}"
EndProject
Global
	GlobalSection(SolutionConfigurationPlatforms) = preSolution
		Debug|Any CPU = Debug|Any CPU
		Release|Any CPU = Release|Any CPU
	EndGlobalSection
	GlobalSection(ProjectConfigurationPlatforms) = postSolution
		{E1335B50-AD7E-4E9F-B9B8-4193C161E5A5}.Debug|Any CPU.ActiveCfg = Debug|Any CPU
		{E1335B50-AD7E-4E9F-B9B8-4193C161E5A5}.Debug|Any CPU.Build.0 = Debug|Any CPU
		{E1335B50-AD7E-4E9F-B9B8-4193C161E5A5}.Release|Any CPU.ActiveCfg = Release|Any CPU
		{E1335B50-AD7E-4E9F-B9B8-4193C161E5A5}.Release|Any CPU.Build.0 = Release|Any CPU
	EndGlobalSection
	GlobalSection(SolutionProperties) = preSolution
		HideSolutionNode = FALSE
	EndGlobalSection
	GlobalSection(ExtensibilityGlobals) = postSolution
		SolutionGuid = {CA8153FB-4B87-4FDD-BC32-D825CE51EF56}
	EndGlobalSection
EndGlobal
