
Microsoft Visual Studio Solution File, Format Version 12.00
# Visual Studio Version 17
VisualStudioVersion = 17.13.35931.197 d17.13
MinimumVisualStudioVersion = 10.0.40219.1
Project("{FAE04EC0-301F-11D3-BF4B-00C04F79EFBC}") = "09_Heranca", "09_Heranca.csproj", "{6B9E8AE6-A4AB-4F49-9192-6FCB689A1193}"
EndProject
Global
	GlobalSection(SolutionConfigurationPlatforms) = preSolution
		Debug|Any CPU = Debug|Any CPU
		Release|Any CPU = Release|Any CPU
	EndGlobalSection
	GlobalSection(ProjectConfigurationPlatforms) = postSolution
		{6B9E8AE6-A4AB-4F49-9192-6FCB689A1193}.Debug|Any CPU.ActiveCfg = Debug|Any CPU
		{6B9E8AE6-A4AB-4F49-9192-6FCB689A1193}.Debug|Any CPU.Build.0 = Debug|Any CPU
		{6B9E8AE6-A4AB-4F49-9192-6FCB689A1193}.Release|Any CPU.ActiveCfg = Release|Any CPU
		{6B9E8AE6-A4AB-4F49-9192-6FCB689A1193}.Release|Any CPU.Build.0 = Release|Any CPU
	EndGlobalSection
	GlobalSection(SolutionProperties) = preSolution
		HideSolutionNode = FALSE
	EndGlobalSection
	GlobalSection(ExtensibilityGlobals) = postSolution
		SolutionGuid = {B09C6283-A6DE-4367-8DAC-1AFCD0E00530}
	EndGlobalSection
EndGlobal
